
Microsoft Visual Studio Solution File, Format Version 12.00
# Visual Studio 14
VisualStudioVersion = 14.0.25420.1
MinimumVisualStudioVersion = 10.0.40219.1
Project("{FAE04EC0-301F-11D3-BF4B-00C04F79EFBC}") = "Hywire.ImageViewer", "Hywire.ImageViewer\Hywire.ImageViewer.csproj", "{BE5F0114-9573-4679-91A7-D088EC9B6749}"
EndProject
Project("{FAE04EC0-301F-11D3-BF4B-00C04F79EFBC}") = "Hywire.D3DWrapper", "Hywire.D3DWrapper\Hywire.D3DWrapper.csproj", "{1D07D8F5-64C8-425F-B45D-6CADAB1BDD8D}"
EndProject
Global
	GlobalSection(SolutionConfigurationPlatforms) = preSolution
		Debug|Any CPU = Debug|Any CPU
		Release|Any CPU = Release|Any CPU
	EndGlobalSection
	GlobalSection(ProjectConfigurationPlatforms) = postSolution
		{BE5F0114-9573-4679-91A7-D088EC9B6749}.Debug|Any CPU.ActiveCfg = Debug|Any CPU
		{BE5F0114-9573-4679-91A7-D088EC9B6749}.Debug|Any CPU.Build.0 = Debug|Any CPU
		{BE5F0114-9573-4679-91A7-D088EC9B6749}.Release|Any CPU.ActiveCfg = Release|Any CPU
		{BE5F0114-9573-4679-91A7-D088EC9B6749}.Release|Any CPU.Build.0 = Release|Any CPU
		{1D07D8F5-64C8-425F-B45D-6CADAB1BDD8D}.Debug|Any CPU.ActiveCfg = Debug|Any CPU
		{1D07D8F5-64C8-425F-B45D-6CADAB1BDD8D}.Debug|Any CPU.Build.0 = Debug|Any CPU
		{1D07D8F5-64C8-425F-B45D-6CADAB1BDD8D}.Release|Any CPU.ActiveCfg = Release|Any CPU
		{1D07D8F5-64C8-425F-B45D-6CADAB1BDD8D}.Release|Any CPU.Build.0 = Release|Any CPU
	EndGlobalSection
	GlobalSection(SolutionProperties) = preSolution
		HideSolutionNode = FALSE
	EndGlobalSection
EndGlobal
